// !$*UTF8*$!
{
	archiveVersion = 1;
	classes = {
	};
	objectVersion = 50;
	objects = {

/* Begin PBXBuildFile section */
		C81C5B33214F9A0800BF811A /* BaseCell.swift in Sources */ = {isa = PBXBuildFile; fileRef = C81C5B32214F9A0800BF811A /* BaseCell.swift */; };
		C81C5B36214F9B4E00BF811A /* AppDetailInformationCell.swift in Sources */ = {isa = PBXBuildFile; fileRef = C81C5B35214F9B4E00BF811A /* AppDetailInformationCell.swift */; };
		C81C5B38214F9B6E00BF811A /* AppDetailDescriptionCell.swift in Sources */ = {isa = PBXBuildFile; fileRef = C81C5B37214F9B6E00BF811A /* AppDetailDescriptionCell.swift */; };
		C81C5B3A214F9B7D00BF811A /* AppDetailHeader.swift in Sources */ = {isa = PBXBuildFile; fileRef = C81C5B39214F9B7D00BF811A /* AppDetailHeader.swift */; };
		C83AEF71213BFCB80030FC0A /* AppDelegate.swift in Sources */ = {isa = PBXBuildFile; fileRef = C83AEF70213BFCB80030FC0A /* AppDelegate.swift */; };
		C83AEF73213BFCB80030FC0A /* FeaturedAppController.swift in Sources */ = {isa = PBXBuildFile; fileRef = C83AEF72213BFCB80030FC0A /* FeaturedAppController.swift */; };
		C83AEF76213BFCB80030FC0A /* Main.storyboard in Resources */ = {isa = PBXBuildFile; fileRef = C83AEF74213BFCB80030FC0A /* Main.storyboard */; };
		C83AEF78213BFCBA0030FC0A /* Assets.xcassets in Resources */ = {isa = PBXBuildFile; fileRef = C83AEF77213BFCBA0030FC0A /* Assets.xcassets */; };
		C83AEF7B213BFCBA0030FC0A /* LaunchScreen.storyboard in Resources */ = {isa = PBXBuildFile; fileRef = C83AEF79213BFCBA0030FC0A /* LaunchScreen.storyboard */; };
		C83AEF83213C36F10030FC0A /* CategoryCell.swift in Sources */ = {isa = PBXBuildFile; fileRef = C83AEF82213C36F10030FC0A /* CategoryCell.swift */; };
		C89064E7214120FE008262FB /* AppCategory.swift in Sources */ = {isa = PBXBuildFile; fileRef = C89064E6214120FE008262FB /* AppCategory.swift */; };
		C89064E921412173008262FB /* App.swift in Sources */ = {isa = PBXBuildFile; fileRef = C89064E821412173008262FB /* App.swift */; };
		C89064EC214121B8008262FB /* AppCell.swift in Sources */ = {isa = PBXBuildFile; fileRef = C89064EB214121B8008262FB /* AppCell.swift */; };
		C89064EF2141225D008262FB /* Header.swift in Sources */ = {isa = PBXBuildFile; fileRef = C89064EE2141225D008262FB /* Header.swift */; };
		C89064F121412297008262FB /* LargeCategoryCell.swift in Sources */ = {isa = PBXBuildFile; fileRef = C89064F021412297008262FB /* LargeCategoryCell.swift */; };
		C89064F321412524008262FB /* AppDetailController.swift in Sources */ = {isa = PBXBuildFile; fileRef = C89064F221412524008262FB /* AppDetailController.swift */; };
		C89064F52142AA5A008262FB /* ScreenshotsCell.swift in Sources */ = {isa = PBXBuildFile; fileRef = C89064F42142AA5A008262FB /* ScreenshotsCell.swift */; };
		C8CCA52E213D8301004017D4 /* FeaturedApps.swift in Sources */ = {isa = PBXBuildFile; fileRef = C8CCA52D213D8301004017D4 /* FeaturedApps.swift */; };
/* End PBXBuildFile section */

/* Begin PBXFileReference section */
		C81C5B32214F9A0800BF811A /* BaseCell.swift */ = {isa = PBXFileReference; lastKnownFileType = sourcecode.swift; path = BaseCell.swift; sourceTree = "<group>"; };
		C81C5B35214F9B4E00BF811A /* AppDetailInformationCell.swift */ = {isa = PBXFileReference; lastKnownFileType = sourcecode.swift; path = AppDetailInformationCell.swift; sourceTree = "<group>"; };
		C81C5B37214F9B6E00BF811A /* AppDetailDescriptionCell.swift */ = {isa = PBXFileReference; lastKnownFileType = sourcecode.swift; path = AppDetailDescriptionCell.swift; sourceTree = "<group>"; };
		C81C5B39214F9B7D00BF811A /* AppDetailHeader.swift */ = {isa = PBXFileReference; lastKnownFileType = sourcecode.swift; path = AppDetailHeader.swift; sourceTree = "<group>"; };
		C83AEF6D213BFCB80030FC0A /* AppStore.app */ = {isa = PBXFileReference; explicitFileType = wrapper.application; includeInIndex = 0; path = AppStore.app; sourceTree = BUILT_PRODUCTS_DIR; };
		C83AEF70213BFCB80030FC0A /* AppDelegate.swift */ = {isa = PBXFileReference; lastKnownFileType = sourcecode.swift; path = AppDelegate.swift; sourceTree = "<group>"; };
		C83AEF72213BFCB80030FC0A /* FeaturedAppController.swift */ = {isa = PBXFileReference; lastKnownFileType = sourcecode.swift; path = FeaturedAppController.swift; sourceTree = "<group>"; };
		C83AEF75213BFCB80030FC0A /* Base */ = {isa = PBXFileReference; lastKnownFileType = file.storyboard; name = Base; path = Base.lproj/Main.storyboard; sourceTree = "<group>"; };
		C83AEF77213BFCBA0030FC0A /* Assets.xcassets */ = {isa = PBXFileReference; lastKnownFileType = folder.assetcatalog; path = Assets.xcassets; sourceTree = "<group>"; };
		C83AEF7A213BFCBA0030FC0A /* Base */ = {isa = PBXFileReference; lastKnownFileType = file.storyboard; name = Base; path = Base.lproj/LaunchScreen.storyboard; sourceTree = "<group>"; };
		C83AEF7C213BFCBA0030FC0A /* Info.plist */ = {isa = PBXFileReference; lastKnownFileType = text.plist.xml; path = Info.plist; sourceTree = "<group>"; };
		C83AEF82213C36F10030FC0A /* CategoryCell.swift */ = {isa = PBXFileReference; lastKnownFileType = sourcecode.swift; path = CategoryCell.swift; sourceTree = "<group>"; };
		C89064E6214120FE008262FB /* AppCategory.swift */ = {isa = PBXFileReference; lastKnownFileType = sourcecode.swift; path = AppCategory.swift; sourceTree = "<group>"; };
		C89064E821412173008262FB /* App.swift */ = {isa = PBXFileReference; lastKnownFileType = sourcecode.swift; path = App.swift; sourceTree = "<group>"; };
		C89064EB214121B8008262FB /* AppCell.swift */ = {isa = PBXFileReference; lastKnownFileType = sourcecode.swift; path = AppCell.swift; sourceTree = "<group>"; };
		C89064EE2141225D008262FB /* Header.swift */ = {isa = PBXFileReference; lastKnownFileType = sourcecode.swift; path = Header.swift; sourceTree = "<group>"; };
		C89064F021412297008262FB /* LargeCategoryCell.swift */ = {isa = PBXFileReference; lastKnownFileType = sourcecode.swift; path = LargeCategoryCell.swift; sourceTree = "<group>"; };
		C89064F221412524008262FB /* AppDetailController.swift */ = {isa = PBXFileReference; lastKnownFileType = sourcecode.swift; path = AppDetailController.swift; sourceTree = "<group>"; };
		C89064F42142AA5A008262FB /* ScreenshotsCell.swift */ = {isa = PBXFileReference; lastKnownFileType = sourcecode.swift; path = ScreenshotsCell.swift; sourceTree = "<group>"; };
		C8CCA52D213D8301004017D4 /* FeaturedApps.swift */ = {isa = PBXFileReference; lastKnownFileType = sourcecode.swift; path = FeaturedApps.swift; sourceTree = "<group>"; };
/* End PBXFileReference section */

/* Begin PBXFrameworksBuildPhase section */
		C83AEF6A213BFCB80030FC0A /* Frameworks */ = {
			isa = PBXFrameworksBuildPhase;
			buildActionMask = 2147483647;
			files = (
			);
			runOnlyForDeploymentPostprocessing = 0;
		};
/* End PBXFrameworksBuildPhase section */

/* Begin PBXGroup section */
		C81C5B31214F99F000BF811A /* Cells */ = {
			isa = PBXGroup;
			children = (
				C83AEF82213C36F10030FC0A /* CategoryCell.swift */,
				C89064EB214121B8008262FB /* AppCell.swift */,
				C81C5B32214F9A0800BF811A /* BaseCell.swift */,
				C89064F021412297008262FB /* LargeCategoryCell.swift */,
				C89064EE2141225D008262FB /* Header.swift */,
			);
			path = Cells;
			sourceTree = "<group>";
		};
		C81C5B34214F9B1200BF811A /* App Detail Controller */ = {
			isa = PBXGroup;
			children = (
				C89064F221412524008262FB /* AppDetailController.swift */,
				C81C5B39214F9B7D00BF811A /* AppDetailHeader.swift */,
				C89064F42142AA5A008262FB /* ScreenshotsCell.swift */,
				C81C5B37214F9B6E00BF811A /* AppDetailDescriptionCell.swift */,
				C81C5B35214F9B4E00BF811A /* AppDetailInformationCell.swift */,
			);
			path = "App Detail Controller";
			sourceTree = "<group>";
		};
		C83AEF64213BFCB80030FC0A = {
			isa = PBXGroup;
			children = (
				C83AEF6F213BFCB80030FC0A /* AppStore */,
				C83AEF6E213BFCB80030FC0A /* Products */,
			);
			sourceTree = "<group>";
		};
		C83AEF6E213BFCB80030FC0A /* Products */ = {
			isa = PBXGroup;
			children = (
				C83AEF6D213BFCB80030FC0A /* AppStore.app */,
			);
			name = Products;
			sourceTree = "<group>";
		};
		C83AEF6F213BFCB80030FC0A /* AppStore */ = {
			isa = PBXGroup;
			children = (
				C83AEF70213BFCB80030FC0A /* AppDelegate.swift */,
				C83AEF72213BFCB80030FC0A /* FeaturedAppController.swift */,
				C81C5B31214F99F000BF811A /* Cells */,
				C81C5B34214F9B1200BF811A /* App Detail Controller */,
				C89064EA21412187008262FB /* Models */,
				C89064ED2141220B008262FB /* Supporting Files */,
			);
			path = AppStore;
			sourceTree = "<group>";
		};
		C89064EA21412187008262FB /* Models */ = {
			isa = PBXGroup;
			children = (
				C8CCA52D213D8301004017D4 /* FeaturedApps.swift */,
				C89064E6214120FE008262FB /* AppCategory.swift */,
				C89064E821412173008262FB /* App.swift */,
			);
			path = Models;
			sourceTree = "<group>";
		};
		C89064ED2141220B008262FB /* Supporting Files */ = {
			isa = PBXGroup;
			children = (
				C83AEF7C213BFCBA0030FC0A /* Info.plist */,
				C83AEF74213BFCB80030FC0A /* Main.storyboard */,
				C83AEF77213BFCBA0030FC0A /* Assets.xcassets */,
				C83AEF79213BFCBA0030FC0A /* LaunchScreen.storyboard */,
			);
			path = "Supporting Files";
			sourceTree = "<group>";
		};
/* End PBXGroup section */

/* Begin PBXNativeTarget section */
		C83AEF6C213BFCB80030FC0A /* AppStore */ = {
			isa = PBXNativeTarget;
			buildConfigurationList = C83AEF7F213BFCBA0030FC0A /* Build configuration list for PBXNativeTarget "AppStore" */;
			buildPhases = (
				C83AEF69213BFCB80030FC0A /* Sources */,
				C83AEF6A213BFCB80030FC0A /* Frameworks */,
				C83AEF6B213BFCB80030FC0A /* Resources */,
			);
			buildRules = (
			);
			dependencies = (
			);
			name = AppStore;
			productName = AppStore;
			productReference = C83AEF6D213BFCB80030FC0A /* AppStore.app */;
			productType = "com.apple.product-type.application";
		};
/* End PBXNativeTarget section */

/* Begin PBXProject section */
		C83AEF65213BFCB80030FC0A /* Project object */ = {
			isa = PBXProject;
			attributes = {
				LastSwiftUpdateCheck = 0940;
				LastUpgradeCheck = 0940;
				ORGANIZATIONNAME = "Liroy Yarimi";
				TargetAttributes = {
					C83AEF6C213BFCB80030FC0A = {
						CreatedOnToolsVersion = 9.4.1;
					};
				};
			};
			buildConfigurationList = C83AEF68213BFCB80030FC0A /* Build configuration list for PBXProject "AppStore" */;
			compatibilityVersion = "Xcode 9.3";
			developmentRegion = en;
			hasScannedForEncodings = 0;
			knownRegions = (
				en,
				Base,
			);
			mainGroup = C83AEF64213BFCB80030FC0A;
			productRefGroup = C83AEF6E213BFCB80030FC0A /* Products */;
			projectDirPath = "";
			projectRoot = "";
			targets = (
				C83AEF6C213BFCB80030FC0A /* AppStore */,
			);
		};
/* End PBXProject section */

/* Begin PBXResourcesBuildPhase section */
		C83AEF6B213BFCB80030FC0A /* Resources */ = {
			isa = PBXResourcesBuildPhase;
			buildActionMask = 2147483647;
			files = (
				C83AEF7B213BFCBA0030FC0A /* LaunchScreen.storyboard in Resources */,
				C83AEF78213BFCBA0030FC0A /* Assets.xcassets in Resources */,
				C83AEF76213BFCB80030FC0A /* Main.storyboard in Resources */,
			);
			runOnlyForDeploymentPostprocessing = 0;
		};
/* End PBXResourcesBuildPhase section */

/* Begin PBXSourcesBuildPhase section */
		C83AEF69213BFCB80030FC0A /* Sources */ = {
			isa = PBXSourcesBuildPhase;
			buildActionMask = 2147483647;
			files = (
				C89064EF2141225D008262FB /* Header.swift in Sources */,
				C83AEF73213BFCB80030FC0A /* FeaturedAppController.swift in Sources */,
				C89064EC214121B8008262FB /* AppCell.swift in Sources */,
				C89064E7214120FE008262FB /* AppCategory.swift in Sources */,
				C81C5B33214F9A0800BF811A /* BaseCell.swift in Sources */,
				C81C5B38214F9B6E00BF811A /* AppDetailDescriptionCell.swift in Sources */,
				C83AEF71213BFCB80030FC0A /* AppDelegate.swift in Sources */,
				C89064F121412297008262FB /* LargeCategoryCell.swift in Sources */,
				C89064E921412173008262FB /* App.swift in Sources */,
				C83AEF83213C36F10030FC0A /* CategoryCell.swift in Sources */,
				C89064F321412524008262FB /* AppDetailController.swift in Sources */,
				C8CCA52E213D8301004017D4 /* FeaturedApps.swift in Sources */,
				C89064F52142AA5A008262FB /* ScreenshotsCell.swift in Sources */,
				C81C5B36214F9B4E00BF811A /* AppDetailInformationCell.swift in Sources */,
				C81C5B3A214F9B7D00BF811A /* AppDetailHeader.swift in Sources */,
			);
			runOnlyForDeploymentPostprocessing = 0;
		};
/* End PBXSourcesBuildPhase section */

/* Begin PBXVariantGroup section */
		C83AEF74213BFCB80030FC0A /* Main.storyboard */ = {
			isa = PBXVariantGroup;
			children = (
				C83AEF75213BFCB80030FC0A /* Base */,
			);
			name = Main.storyboard;
			sourceTree = "<group>";
		};
		C83AEF79213BFCBA0030FC0A /* LaunchScreen.storyboard */ = {
			isa = PBXVariantGroup;
			children = (
				C83AEF7A213BFCBA0030FC0A /* Base */,
			);
			name = LaunchScreen.storyboard;
			sourceTree = "<group>";
		};
/* End PBXVariantGroup section */

/* Begin XCBuildConfiguration section */
		C83AEF7D213BFCBA0030FC0A /* Debug */ = {
			isa = XCBuildConfiguration;
			buildSettings = {
				ALWAYS_SEARCH_USER_PATHS = NO;
				CLANG_ANALYZER_NONNULL = YES;
				CLANG_ANALYZER_NUMBER_OBJECT_CONVERSION = YES_AGGRESSIVE;
				CLANG_CXX_LANGUAGE_STANDARD = "gnu++14";
				CLANG_CXX_LIBRARY = "libc++";
				CLANG_ENABLE_MODULES = YES;
				CLANG_ENABLE_OBJC_ARC = YES;
				CLANG_ENABLE_OBJC_WEAK = YES;
				CLANG_WARN_BLOCK_CAPTURE_AUTORELEASING = YES;
				CLANG_WARN_BOOL_CONVERSION = YES;
				CLANG_WARN_COMMA = YES;
				CLANG_WARN_CONSTANT_CONVERSION = YES;
				CLANG_WARN_DEPRECATED_OBJC_IMPLEMENTATIONS = YES;
				CLANG_WARN_DIRECT_OBJC_ISA_USAGE = YES_ERROR;
				CLANG_WARN_DOCUMENTATION_COMMENTS = YES;
				CLANG_WARN_EMPTY_BODY = YES;
				CLANG_WARN_ENUM_CONVERSION = YES;
				CLANG_WARN_INFINITE_RECURSION = YES;
				CLANG_WARN_INT_CONVERSION = YES;
				CLANG_WARN_NON_LITERAL_NULL_CONVERSION = YES;
				CLANG_WARN_OBJC_IMPLICIT_RETAIN_SELF = YES;
				CLANG_WARN_OBJC_LITERAL_CONVERSION = YES;
				CLANG_WARN_OBJC_ROOT_CLASS = YES_ERROR;
				CLANG_WARN_RANGE_LOOP_ANALYSIS = YES;
				CLANG_WARN_STRICT_PROTOTYPES = YES;
				CLANG_WARN_SUSPICIOUS_MOVE = YES;
				CLANG_WARN_UNGUARDED_AVAILABILITY = YES_AGGRESSIVE;
				CLANG_WARN_UNREACHABLE_CODE = YES;
				CLANG_WARN__DUPLICATE_METHOD_MATCH = YES;
				CODE_SIGN_IDENTITY = "iPhone Developer";
				COPY_PHASE_STRIP = NO;
				DEBUG_INFORMATION_FORMAT = dwarf;
				ENABLE_STRICT_OBJC_MSGSEND = YES;
				ENABLE_TESTABILITY = YES;
				GCC_C_LANGUAGE_STANDARD = gnu11;
				GCC_DYNAMIC_NO_PIC = NO;
				GCC_NO_COMMON_BLOCKS = YES;
				GCC_OPTIMIZATION_LEVEL = 0;
				GCC_PREPROCESSOR_DEFINITIONS = (
					"DEBUG=1",
					"$(inherited)",
				);
				GCC_WARN_64_TO_32_BIT_CONVERSION = YES;
				GCC_WARN_ABOUT_RETURN_TYPE = YES_ERROR;
				GCC_WARN_UNDECLARED_SELECTOR = YES;
				GCC_WARN_UNINITIALIZED_AUTOS = YES_AGGRESSIVE;
				GCC_WARN_UNUSED_FUNCTION = YES;
				GCC_WARN_UNUSED_VARIABLE = YES;
				IPHONEOS_DEPLOYMENT_TARGET = 11.4;
				MTL_ENABLE_DEBUG_INFO = YES;
				ONLY_ACTIVE_ARCH = YES;
				SDKROOT = iphoneos;
				SWIFT_ACTIVE_COMPILATION_CONDITIONS = DEBUG;
				SWIFT_OPTIMIZATION_LEVEL = "-Onone";
			};
			name = Debug;
		};
		C83AEF7E213BFCBA0030FC0A /* Release */ = {
			isa = XCBuildConfiguration;
			buildSettings = {
				ALWAYS_SEARCH_USER_PATHS = NO;
				CLANG_ANALYZER_NONNULL = YES;
				CLANG_ANALYZER_NUMBER_OBJECT_CONVERSION = YES_AGGRESSIVE;
				CLANG_CXX_LANGUAGE_STANDARD = "gnu++14";
				CLANG_CXX_LIBRARY = "libc++";
				CLANG_ENABLE_MODULES = YES;
				CLANG_ENABLE_OBJC_ARC = YES;
				CLANG_ENABLE_OBJC_WEAK = YES;
				CLANG_WARN_BLOCK_CAPTURE_AUTORELEASING = YES;
				CLANG_WARN_BOOL_CONVERSION = YES;
				CLANG_WARN_COMMA = YES;
				CLANG_WARN_CONSTANT_CONVERSION = YES;
				CLANG_WARN_DEPRECATED_OBJC_IMPLEMENTATIONS = YES;
				CLANG_WARN_DIRECT_OBJC_ISA_USAGE = YES_ERROR;
				CLANG_WARN_DOCUMENTATION_COMMENTS = YES;
				CLANG_WARN_EMPTY_BODY = YES;
				CLANG_WARN_ENUM_CONVERSION = YES;
				CLANG_WARN_INFINITE_RECURSION = YES;
				CLANG_WARN_INT_CONVERSION = YES;
				CLANG_WARN_NON_LITERAL_NULL_CONVERSION = YES;
				CLANG_WARN_OBJC_IMPLICIT_RETAIN_SELF = YES;
				CLANG_WARN_OBJC_LITERAL_CONVERSION = YES;
				CLANG_WARN_OBJC_ROOT_CLASS = YES_ERROR;
				CLANG_WARN_RANGE_LOOP_ANALYSIS = YES;
				CLANG_WARN_STRICT_PROTOTYPES = YES;
				CLANG_WARN_SUSPICIOUS_MOVE = YES;
				CLANG_WARN_UNGUARDED_AVAILABILITY = YES_AGGRESSIVE;
				CLANG_WARN_UNREACHABLE_CODE = YES;
				CLANG_WARN__DUPLICATE_METHOD_MATCH = YES;
				CODE_SIGN_IDENTITY = "iPhone Developer";
				COPY_PHASE_STRIP = NO;
				DEBUG_INFORMATION_FORMAT = "dwarf-with-dsym";
				ENABLE_NS_ASSERTIONS = NO;
				ENABLE_STRICT_OBJC_MSGSEND = YES;
				GCC_C_LANGUAGE_STANDARD = gnu11;
				GCC_NO_COMMON_BLOCKS = YES;
				GCC_WARN_64_TO_32_BIT_CONVERSION = YES;
				GCC_WARN_ABOUT_RETURN_TYPE = YES_ERROR;
				GCC_WARN_UNDECLARED_SELECTOR = YES;
				GCC_WARN_UNINITIALIZED_AUTOS = YES_AGGRESSIVE;
				GCC_WARN_UNUSED_FUNCTION = YES;
				GCC_WARN_UNUSED_VARIABLE = YES;
				IPHONEOS_DEPLOYMENT_TARGET = 11.4;
				MTL_ENABLE_DEBUG_INFO = NO;
				SDKROOT = iphoneos;
				SWIFT_COMPILATION_MODE = wholemodule;
				SWIFT_OPTIMIZATION_LEVEL = "-O";
				VALIDATE_PRODUCT = YES;
			};
			name = Release;
		};
		C83AEF80213BFCBA0030FC0A /* Debug */ = {
			isa = XCBuildConfiguration;
			buildSettings = {
				ASSETCATALOG_COMPILER_APPICON_NAME = AppIcon;
				CODE_SIGN_STYLE = Automatic;
				DEVELOPMENT_TEAM = BRUZ42SH8K;
				INFOPLIST_FILE = "$(SRCROOT)/AppStore/Supporting Files/Info.plist";
				LD_RUNPATH_SEARCH_PATHS = (
					"$(inherited)",
					"@executable_path/Frameworks",
				);
				PRODUCT_BUNDLE_IDENTIFIER = com.LiroyYarimi.AppStore;
				PRODUCT_NAME = "$(TARGET_NAME)";
				SWIFT_VERSION = 4.0;
				TARGETED_DEVICE_FAMILY = "1,2";
			};
			name = Debug;
		};
		C83AEF81213BFCBA0030FC0A /* Release */ = {
			isa = XCBuildConfiguration;
			buildSettings = {
				ASSETCATALOG_COMPILER_APPICON_NAME = AppIcon;
				CODE_SIGN_STYLE = Automatic;
				DEVELOPMENT_TEAM = BRUZ42SH8K;
				INFOPLIST_FILE = "$(SRCROOT)/AppStore/Supporting Files/Info.plist";
				LD_RUNPATH_SEARCH_PATHS = (
					"$(inherited)",
					"@executable_path/Frameworks",
				);
				PRODUCT_BUNDLE_IDENTIFIER = com.LiroyYarimi.AppStore;
				PRODUCT_NAME = "$(TARGET_NAME)";
				SWIFT_VERSION = 4.0;
				TARGETED_DEVICE_FAMILY = "1,2";
			};
			name = Release;
		};
/* End XCBuildConfiguration section */

/* Begin XCConfigurationList section */
		C83AEF68213BFCB80030FC0A /* Build configuration list for PBXProject "AppStore" */ = {
			isa = XCConfigurationList;
			buildConfigurations = (
				C83AEF7D213BFCBA0030FC0A /* Debug */,
				C83AEF7E213BFCBA0030FC0A /* Release */,
			);
			defaultConfigurationIsVisible = 0;
			defaultConfigurationName = Release;
		};
		C83AEF7F213BFCBA0030FC0A /* Build configuration list for PBXNativeTarget "AppStore" */ = {
			isa = XCConfigurationList;
			buildConfigurations = (
				C83AEF80213BFCBA0030FC0A /* Debug */,
				C83AEF81213BFCBA0030FC0A /* Release */,
			);
			defaultConfigurationIsVisible = 0;
			defaultConfigurationName = Release;
		};
/* End XCConfigurationList section */
	};
	rootObject = C83AEF65213BFCB80030FC0A /* Project object */;
}
